
Microsoft Visual Studio Solution File, Format Version 12.00
# Visual Studio Version 16
VisualStudioVersion = 16.0.32228.343
MinimumVisualStudioVersion = 10.0.40219.1
Project("{9A19103F-16F7-4668-BE54-9A1E7A4F7556}") = "Entidades", "Entidades\Entidades.csproj", "{81AC92F3-CA27-41AF-A266-4C9C12E0B034}"
EndProject
Project("{FAE04EC0-301F-11D3-BF4B-00C04F79EFBC}") = "DerivacionDePacientes", "DerivacionDePacientes\DerivacionDePacientes.csproj", "{BE14C2CD-490D-465C-9448-C242EDA4D523}"
EndProject
Project("{FAE04EC0-301F-11D3-BF4B-00C04F79EFBC}") = "Excepciones", "Excepciones\Excepciones.csproj", "{B8BBE823-0C98-473E-BCB7-7D0F1B992A76}"
EndProject
Global
	GlobalSection(SolutionConfigurationPlatforms) = preSolution
		Debug|Any CPU = Debug|Any CPU
		Release|Any CPU = Release|Any CPU
	EndGlobalSection
	GlobalSection(ProjectConfigurationPlatforms) = postSolution
		{81AC92F3-CA27-41AF-A266-4C9C12E0B034}.Debug|Any CPU.ActiveCfg = Debug|Any CPU
		{81AC92F3-CA27-41AF-A266-4C9C12E0B034}.Debug|Any CPU.Build.0 = Debug|Any CPU
		{81AC92F3-CA27-41AF-A266-4C9C12E0B034}.Release|Any CPU.ActiveCfg = Release|Any CPU
		{81AC92F3-CA27-41AF-A266-4C9C12E0B034}.Release|Any CPU.Build.0 = Release|Any CPU
		{BE14C2CD-490D-465C-9448-C242EDA4D523}.Debug|Any CPU.ActiveCfg = Debug|Any CPU
		{BE14C2CD-490D-465C-9448-C242EDA4D523}.Debug|Any CPU.Build.0 = Debug|Any CPU
		{BE14C2CD-490D-465C-9448-C242EDA4D523}.Release|Any CPU.ActiveCfg = Release|Any CPU
		{BE14C2CD-490D-465C-9448-C242EDA4D523}.Release|Any CPU.Build.0 = Release|Any CPU
		{B8BBE823-0C98-473E-BCB7-7D0F1B992A76}.Debug|Any CPU.ActiveCfg = Debug|Any CPU
		{B8BBE823-0C98-473E-BCB7-7D0F1B992A76}.Debug|Any CPU.Build.0 = Debug|Any CPU
		{B8BBE823-0C98-473E-BCB7-7D0F1B992A76}.Release|Any CPU.ActiveCfg = Release|Any CPU
		{B8BBE823-0C98-473E-BCB7-7D0F1B992A76}.Release|Any CPU.Build.0 = Release|Any CPU
	EndGlobalSection
	GlobalSection(SolutionProperties) = preSolution
		HideSolutionNode = FALSE
	EndGlobalSection
	GlobalSection(ExtensibilityGlobals) = postSolution
		SolutionGuid = {80C0F759-A3EF-4A17-B159-547E32EB1B41}
	EndGlobalSection
EndGlobal
